// !$*UTF8*$!
{
	archiveVersion = 1;
	classes = {
	};
	objectVersion = 50;
	objects = {

/* Begin PBXBuildFile section */
		E052B1FF2400F1C6000E935D /* GFTitleLabel.swift in Sources */ = {isa = PBXBuildFile; fileRef = E052B1FE2400F1C6000E935D /* GFTitleLabel.swift */; };
		E052B2012400F344000E935D /* GFBodyLabel.swift in Sources */ = {isa = PBXBuildFile; fileRef = E052B2002400F344000E935D /* GFBodyLabel.swift */; };
		E052B2032400F40D000E935D /* GFAlertVC.swift in Sources */ = {isa = PBXBuildFile; fileRef = E052B2022400F40D000E935D /* GFAlertVC.swift */; };
		E052B2052400FA0E000E935D /* UIViewController+Ext.swift in Sources */ = {isa = PBXBuildFile; fileRef = E052B2042400FA0E000E935D /* UIViewController+Ext.swift */; };
		E05512C923FE448100913061 /* GFButton.swift in Sources */ = {isa = PBXBuildFile; fileRef = E05512C823FE448100913061 /* GFButton.swift */; };
		E05512CB23FE48F600913061 /* GFTextField.swift in Sources */ = {isa = PBXBuildFile; fileRef = E05512CA23FE48F600913061 /* GFTextField.swift */; };
		E05512CD23FEC89B00913061 /* FollowerListVC.swift in Sources */ = {isa = PBXBuildFile; fileRef = E05512CC23FEC89B00913061 /* FollowerListVC.swift */; };
		E058B67624120393000D6AEE /* Follower.swift in Sources */ = {isa = PBXBuildFile; fileRef = E058B67524120393000D6AEE /* Follower.swift */; };
		E058B67824120590000D6AEE /* User.swift in Sources */ = {isa = PBXBuildFile; fileRef = E058B67724120590000D6AEE /* User.swift */; };
		E058B67B241209CB000D6AEE /* NetworkManager.swift in Sources */ = {isa = PBXBuildFile; fileRef = E058B67A241209CB000D6AEE /* NetworkManager.swift */; };
		E058B67E241215AF000D6AEE /* ErrorMessage.swift in Sources */ = {isa = PBXBuildFile; fileRef = E058B67D241215AF000D6AEE /* ErrorMessage.swift */; };
		E058B68124121CF5000D6AEE /* FollowerCell.swift in Sources */ = {isa = PBXBuildFile; fileRef = E058B68024121CF5000D6AEE /* FollowerCell.swift */; };
		E058B68324121D6C000D6AEE /* GFAvatarImageView.swift in Sources */ = {isa = PBXBuildFile; fileRef = E058B68224121D6C000D6AEE /* GFAvatarImageView.swift */; };
		E0657D2C23FD03ED003B87B5 /* AppDelegate.swift in Sources */ = {isa = PBXBuildFile; fileRef = E0657D2B23FD03ED003B87B5 /* AppDelegate.swift */; };
		E0657D2E23FD03ED003B87B5 /* SceneDelegate.swift in Sources */ = {isa = PBXBuildFile; fileRef = E0657D2D23FD03ED003B87B5 /* SceneDelegate.swift */; };
		E0657D3523FD03F4003B87B5 /* Assets.xcassets in Resources */ = {isa = PBXBuildFile; fileRef = E0657D3423FD03F4003B87B5 /* Assets.xcassets */; };
		E0657D3823FD03F4003B87B5 /* LaunchScreen.storyboard in Resources */ = {isa = PBXBuildFile; fileRef = E0657D3623FD03F4003B87B5 /* LaunchScreen.storyboard */; };
		E0657D4023FD0B44003B87B5 /* SearchVC.swift in Sources */ = {isa = PBXBuildFile; fileRef = E0657D3F23FD0B44003B87B5 /* SearchVC.swift */; };
		E0657D4223FD0B71003B87B5 /* FavoritesListVC.swift in Sources */ = {isa = PBXBuildFile; fileRef = E0657D4123FD0B71003B87B5 /* FavoritesListVC.swift */; };
/* End PBXBuildFile section */

/* Begin PBXFileReference section */
		E052B1FE2400F1C6000E935D /* GFTitleLabel.swift */ = {isa = PBXFileReference; lastKnownFileType = sourcecode.swift; path = GFTitleLabel.swift; sourceTree = "<group>"; };
		E052B2002400F344000E935D /* GFBodyLabel.swift */ = {isa = PBXFileReference; lastKnownFileType = sourcecode.swift; path = GFBodyLabel.swift; sourceTree = "<group>"; };
		E052B2022400F40D000E935D /* GFAlertVC.swift */ = {isa = PBXFileReference; lastKnownFileType = sourcecode.swift; path = GFAlertVC.swift; sourceTree = "<group>"; };
		E052B2042400FA0E000E935D /* UIViewController+Ext.swift */ = {isa = PBXFileReference; lastKnownFileType = sourcecode.swift; path = "UIViewController+Ext.swift"; sourceTree = "<group>"; };
		E05512C823FE448100913061 /* GFButton.swift */ = {isa = PBXFileReference; lastKnownFileType = sourcecode.swift; path = GFButton.swift; sourceTree = "<group>"; };
		E05512CA23FE48F600913061 /* GFTextField.swift */ = {isa = PBXFileReference; lastKnownFileType = sourcecode.swift; path = GFTextField.swift; sourceTree = "<group>"; };
		E05512CC23FEC89B00913061 /* FollowerListVC.swift */ = {isa = PBXFileReference; lastKnownFileType = sourcecode.swift; path = FollowerListVC.swift; sourceTree = "<group>"; };
		E058B67524120393000D6AEE /* Follower.swift */ = {isa = PBXFileReference; lastKnownFileType = sourcecode.swift; path = Follower.swift; sourceTree = "<group>"; };
		E058B67724120590000D6AEE /* User.swift */ = {isa = PBXFileReference; lastKnownFileType = sourcecode.swift; path = User.swift; sourceTree = "<group>"; };
		E058B67A241209CB000D6AEE /* NetworkManager.swift */ = {isa = PBXFileReference; lastKnownFileType = sourcecode.swift; path = NetworkManager.swift; sourceTree = "<group>"; };
		E058B67D241215AF000D6AEE /* ErrorMessage.swift */ = {isa = PBXFileReference; lastKnownFileType = sourcecode.swift; path = ErrorMessage.swift; sourceTree = "<group>"; };
		E058B68024121CF5000D6AEE /* FollowerCell.swift */ = {isa = PBXFileReference; lastKnownFileType = sourcecode.swift; path = FollowerCell.swift; sourceTree = "<group>"; };
		E058B68224121D6C000D6AEE /* GFAvatarImageView.swift */ = {isa = PBXFileReference; lastKnownFileType = sourcecode.swift; path = GFAvatarImageView.swift; sourceTree = "<group>"; };
		E0657D2823FD03ED003B87B5 /* GitHubFollowers.app */ = {isa = PBXFileReference; explicitFileType = wrapper.application; includeInIndex = 0; path = GitHubFollowers.app; sourceTree = BUILT_PRODUCTS_DIR; };
		E0657D2B23FD03ED003B87B5 /* AppDelegate.swift */ = {isa = PBXFileReference; lastKnownFileType = sourcecode.swift; path = AppDelegate.swift; sourceTree = "<group>"; };
		E0657D2D23FD03ED003B87B5 /* SceneDelegate.swift */ = {isa = PBXFileReference; lastKnownFileType = sourcecode.swift; path = SceneDelegate.swift; sourceTree = "<group>"; };
		E0657D3423FD03F4003B87B5 /* Assets.xcassets */ = {isa = PBXFileReference; lastKnownFileType = folder.assetcatalog; path = Assets.xcassets; sourceTree = "<group>"; };
		E0657D3723FD03F4003B87B5 /* Base */ = {isa = PBXFileReference; lastKnownFileType = file.storyboard; name = Base; path = Base.lproj/LaunchScreen.storyboard; sourceTree = "<group>"; };
		E0657D3923FD03F4003B87B5 /* Info.plist */ = {isa = PBXFileReference; lastKnownFileType = text.plist.xml; path = Info.plist; sourceTree = "<group>"; };
		E0657D3F23FD0B44003B87B5 /* SearchVC.swift */ = {isa = PBXFileReference; lastKnownFileType = sourcecode.swift; path = SearchVC.swift; sourceTree = "<group>"; };
		E0657D4123FD0B71003B87B5 /* FavoritesListVC.swift */ = {isa = PBXFileReference; lastKnownFileType = sourcecode.swift; path = FavoritesListVC.swift; sourceTree = "<group>"; };
/* End PBXFileReference section */

/* Begin PBXFrameworksBuildPhase section */
		E0657D2523FD03ED003B87B5 /* Frameworks */ = {
			isa = PBXFrameworksBuildPhase;
			buildActionMask = 2147483647;
			files = (
			);
			runOnlyForDeploymentPostprocessing = 0;
		};
/* End PBXFrameworksBuildPhase section */

/* Begin PBXGroup section */
		E018E7092404E44600F9D50A /* Screens */ = {
			isa = PBXGroup;
			children = (
				E05512CC23FEC89B00913061 /* FollowerListVC.swift */,
				E0657D4123FD0B71003B87B5 /* FavoritesListVC.swift */,
				E0657D3F23FD0B44003B87B5 /* SearchVC.swift */,
			);
			path = Screens;
			sourceTree = "<group>";
		};
		E018E70A2404E47A00F9D50A /* Custom Views */ = {
			isa = PBXGroup;
			children = (
				E058B67F24121CB9000D6AEE /* Cells */,
				E05512C823FE448100913061 /* GFButton.swift */,
				E05512CA23FE48F600913061 /* GFTextField.swift */,
				E052B1FE2400F1C6000E935D /* GFTitleLabel.swift */,
				E052B2002400F344000E935D /* GFBodyLabel.swift */,
				E052B2022400F40D000E935D /* GFAlertVC.swift */,
				E058B68224121D6C000D6AEE /* GFAvatarImageView.swift */,
			);
			path = "Custom Views";
			sourceTree = "<group>";
		};
		E018E70B2404E4AC00F9D50A /* Extensions */ = {
			isa = PBXGroup;
			children = (
				E052B2042400FA0E000E935D /* UIViewController+Ext.swift */,
			);
			path = Extensions;
			sourceTree = "<group>";
		};
		E018E70C2404E50800F9D50A /* Support */ = {
			isa = PBXGroup;
			children = (
				E0657D3623FD03F4003B87B5 /* LaunchScreen.storyboard */,
				E0657D2B23FD03ED003B87B5 /* AppDelegate.swift */,
				E0657D2D23FD03ED003B87B5 /* SceneDelegate.swift */,
				E0657D3423FD03F4003B87B5 /* Assets.xcassets */,
			);
			path = Support;
			sourceTree = "<group>";
		};
		E058B67424120364000D6AEE /* Model */ = {
			isa = PBXGroup;
			children = (
				E058B67524120393000D6AEE /* Follower.swift */,
				E058B67724120590000D6AEE /* User.swift */,
			);
			path = Model;
			sourceTree = "<group>";
		};
		E058B679241209B7000D6AEE /* Managers */ = {
			isa = PBXGroup;
			children = (
				E058B67A241209CB000D6AEE /* NetworkManager.swift */,
			);
			path = Managers;
			sourceTree = "<group>";
		};
		E058B67C24121594000D6AEE /* Utilities */ = {
			isa = PBXGroup;
			children = (
				E058B67D241215AF000D6AEE /* ErrorMessage.swift */,
			);
			path = Utilities;
			sourceTree = "<group>";
		};
		E058B67F24121CB9000D6AEE /* Cells */ = {
			isa = PBXGroup;
			children = (
				E058B68024121CF5000D6AEE /* FollowerCell.swift */,
			);
			path = Cells;
			sourceTree = "<group>";
		};
		E0657D1F23FD03ED003B87B5 = {
			isa = PBXGroup;
			children = (
				E0657D2A23FD03ED003B87B5 /* GitHubFollowers */,
				E0657D2923FD03ED003B87B5 /* Products */,
			);
			sourceTree = "<group>";
		};
		E0657D2923FD03ED003B87B5 /* Products */ = {
			isa = PBXGroup;
			children = (
				E0657D2823FD03ED003B87B5 /* GitHubFollowers.app */,
			);
			name = Products;
			sourceTree = "<group>";
		};
		E0657D2A23FD03ED003B87B5 /* GitHubFollowers */ = {
			isa = PBXGroup;
			children = (
				E058B67C24121594000D6AEE /* Utilities */,
				E058B679241209B7000D6AEE /* Managers */,
				E058B67424120364000D6AEE /* Model */,
				E018E70C2404E50800F9D50A /* Support */,
				E018E70B2404E4AC00F9D50A /* Extensions */,
				E018E70A2404E47A00F9D50A /* Custom Views */,
				E018E7092404E44600F9D50A /* Screens */,
				E0657D3923FD03F4003B87B5 /* Info.plist */,
			);
			path = GitHubFollowers;
			sourceTree = "<group>";
		};
/* End PBXGroup section */

/* Begin PBXNativeTarget section */
		E0657D2723FD03ED003B87B5 /* GitHubFollowers */ = {
			isa = PBXNativeTarget;
			buildConfigurationList = E0657D3C23FD03F4003B87B5 /* Build configuration list for PBXNativeTarget "GitHubFollowers" */;
			buildPhases = (
				E0657D2423FD03ED003B87B5 /* Sources */,
				E0657D2523FD03ED003B87B5 /* Frameworks */,
				E0657D2623FD03ED003B87B5 /* Resources */,
			);
			buildRules = (
			);
			dependencies = (
			);
			name = GitHubFollowers;
			productName = GitHubFollowers;
			productReference = E0657D2823FD03ED003B87B5 /* GitHubFollowers.app */;
			productType = "com.apple.product-type.application";
		};
/* End PBXNativeTarget section */

/* Begin PBXProject section */
		E0657D2023FD03ED003B87B5 /* Project object */ = {
			isa = PBXProject;
			attributes = {
				LastSwiftUpdateCheck = 1130;
				LastUpgradeCheck = 1130;
				ORGANIZATIONNAME = "Efrain Saravia";
				TargetAttributes = {
					E0657D2723FD03ED003B87B5 = {
						CreatedOnToolsVersion = 11.3;
					};
				};
			};
			buildConfigurationList = E0657D2323FD03ED003B87B5 /* Build configuration list for PBXProject "GitHubFollowers" */;
			compatibilityVersion = "Xcode 9.3";
			developmentRegion = en;
			hasScannedForEncodings = 0;
			knownRegions = (
				en,
				Base,
			);
			mainGroup = E0657D1F23FD03ED003B87B5;
			productRefGroup = E0657D2923FD03ED003B87B5 /* Products */;
			projectDirPath = "";
			projectRoot = "";
			targets = (
				E0657D2723FD03ED003B87B5 /* GitHubFollowers */,
			);
		};
/* End PBXProject section */

/* Begin PBXResourcesBuildPhase section */
		E0657D2623FD03ED003B87B5 /* Resources */ = {
			isa = PBXResourcesBuildPhase;
			buildActionMask = 2147483647;
			files = (
				E0657D3823FD03F4003B87B5 /* LaunchScreen.storyboard in Resources */,
				E0657D3523FD03F4003B87B5 /* Assets.xcassets in Resources */,
			);
			runOnlyForDeploymentPostprocessing = 0;
		};
/* End PBXResourcesBuildPhase section */

/* Begin PBXSourcesBuildPhase section */
		E0657D2423FD03ED003B87B5 /* Sources */ = {
			isa = PBXSourcesBuildPhase;
			buildActionMask = 2147483647;
			files = (
				E058B67824120590000D6AEE /* User.swift in Sources */,
				E0657D4023FD0B44003B87B5 /* SearchVC.swift in Sources */,
				E052B2052400FA0E000E935D /* UIViewController+Ext.swift in Sources */,
				E05512C923FE448100913061 /* GFButton.swift in Sources */,
				E0657D4223FD0B71003B87B5 /* FavoritesListVC.swift in Sources */,
				E058B68324121D6C000D6AEE /* GFAvatarImageView.swift in Sources */,
				E0657D2C23FD03ED003B87B5 /* AppDelegate.swift in Sources */,
				E052B2032400F40D000E935D /* GFAlertVC.swift in Sources */,
				E058B68124121CF5000D6AEE /* FollowerCell.swift in Sources */,
				E058B67E241215AF000D6AEE /* ErrorMessage.swift in Sources */,
				E0657D2E23FD03ED003B87B5 /* SceneDelegate.swift in Sources */,
				E058B67624120393000D6AEE /* Follower.swift in Sources */,
				E052B1FF2400F1C6000E935D /* GFTitleLabel.swift in Sources */,
				E058B67B241209CB000D6AEE /* NetworkManager.swift in Sources */,
				E05512CB23FE48F600913061 /* GFTextField.swift in Sources */,
				E05512CD23FEC89B00913061 /* FollowerListVC.swift in Sources */,
				E052B2012400F344000E935D /* GFBodyLabel.swift in Sources */,
			);
			runOnlyForDeploymentPostprocessing = 0;
		};
/* End PBXSourcesBuildPhase section */

/* Begin PBXVariantGroup section */
		E0657D3623FD03F4003B87B5 /* LaunchScreen.storyboard */ = {
			isa = PBXVariantGroup;
			children = (
				E0657D3723FD03F4003B87B5 /* Base */,
			);
			name = LaunchScreen.storyboard;
			sourceTree = "<group>";
		};
/* End PBXVariantGroup section */

/* Begin XCBuildConfiguration section */
		E0657D3A23FD03F4003B87B5 /* Debug */ = {
			isa = XCBuildConfiguration;
			buildSettings = {
				ALWAYS_SEARCH_USER_PATHS = NO;
				CLANG_ANALYZER_NONNULL = YES;
				CLANG_ANALYZER_NUMBER_OBJECT_CONVERSION = YES_AGGRESSIVE;
				CLANG_CXX_LANGUAGE_STANDARD = "gnu++14";
				CLANG_CXX_LIBRARY = "libc++";
				CLANG_ENABLE_MODULES = YES;
				CLANG_ENABLE_OBJC_ARC = YES;
				CLANG_ENABLE_OBJC_WEAK = YES;
				CLANG_WARN_BLOCK_CAPTURE_AUTORELEASING = YES;
				CLANG_WARN_BOOL_CONVERSION = YES;
				CLANG_WARN_COMMA = YES;
				CLANG_WARN_CONSTANT_CONVERSION = YES;
				CLANG_WARN_DEPRECATED_OBJC_IMPLEMENTATIONS = YES;
				CLANG_WARN_DIRECT_OBJC_ISA_USAGE = YES_ERROR;
				CLANG_WARN_DOCUMENTATION_COMMENTS = YES;
				CLANG_WARN_EMPTY_BODY = YES;
				CLANG_WARN_ENUM_CONVERSION = YES;
				CLANG_WARN_INFINITE_RECURSION = YES;
				CLANG_WARN_INT_CONVERSION = YES;
				CLANG_WARN_NON_LITERAL_NULL_CONVERSION = YES;
				CLANG_WARN_OBJC_IMPLICIT_RETAIN_SELF = YES;
				CLANG_WARN_OBJC_LITERAL_CONVERSION = YES;
				CLANG_WARN_OBJC_ROOT_CLASS = YES_ERROR;
				CLANG_WARN_RANGE_LOOP_ANALYSIS = YES;
				CLANG_WARN_STRICT_PROTOTYPES = YES;
				CLANG_WARN_SUSPICIOUS_MOVE = YES;
				CLANG_WARN_UNGUARDED_AVAILABILITY = YES_AGGRESSIVE;
				CLANG_WARN_UNREACHABLE_CODE = YES;
				CLANG_WARN__DUPLICATE_METHOD_MATCH = YES;
				COPY_PHASE_STRIP = NO;
				DEBUG_INFORMATION_FORMAT = dwarf;
				ENABLE_STRICT_OBJC_MSGSEND = YES;
				ENABLE_TESTABILITY = YES;
				GCC_C_LANGUAGE_STANDARD = gnu11;
				GCC_DYNAMIC_NO_PIC = NO;
				GCC_NO_COMMON_BLOCKS = YES;
				GCC_OPTIMIZATION_LEVEL = 0;
				GCC_PREPROCESSOR_DEFINITIONS = (
					"DEBUG=1",
					"$(inherited)",
				);
				GCC_WARN_64_TO_32_BIT_CONVERSION = YES;
				GCC_WARN_ABOUT_RETURN_TYPE = YES_ERROR;
				GCC_WARN_UNDECLARED_SELECTOR = YES;
				GCC_WARN_UNINITIALIZED_AUTOS = YES_AGGRESSIVE;
				GCC_WARN_UNUSED_FUNCTION = YES;
				GCC_WARN_UNUSED_VARIABLE = YES;
				IPHONEOS_DEPLOYMENT_TARGET = 13.2;
				MTL_ENABLE_DEBUG_INFO = INCLUDE_SOURCE;
				MTL_FAST_MATH = YES;
				ONLY_ACTIVE_ARCH = YES;
				SDKROOT = iphoneos;
				SWIFT_ACTIVE_COMPILATION_CONDITIONS = DEBUG;
				SWIFT_OPTIMIZATION_LEVEL = "-Onone";
			};
			name = Debug;
		};
		E0657D3B23FD03F4003B87B5 /* Release */ = {
			isa = XCBuildConfiguration;
			buildSettings = {
				ALWAYS_SEARCH_USER_PATHS = NO;
				CLANG_ANALYZER_NONNULL = YES;
				CLANG_ANALYZER_NUMBER_OBJECT_CONVERSION = YES_AGGRESSIVE;
				CLANG_CXX_LANGUAGE_STANDARD = "gnu++14";
				CLANG_CXX_LIBRARY = "libc++";
				CLANG_ENABLE_MODULES = YES;
				CLANG_ENABLE_OBJC_ARC = YES;
				CLANG_ENABLE_OBJC_WEAK = YES;
				CLANG_WARN_BLOCK_CAPTURE_AUTORELEASING = YES;
				CLANG_WARN_BOOL_CONVERSION = YES;
				CLANG_WARN_COMMA = YES;
				CLANG_WARN_CONSTANT_CONVERSION = YES;
				CLANG_WARN_DEPRECATED_OBJC_IMPLEMENTATIONS = YES;
				CLANG_WARN_DIRECT_OBJC_ISA_USAGE = YES_ERROR;
				CLANG_WARN_DOCUMENTATION_COMMENTS = YES;
				CLANG_WARN_EMPTY_BODY = YES;
				CLANG_WARN_ENUM_CONVERSION = YES;
				CLANG_WARN_INFINITE_RECURSION = YES;
				CLANG_WARN_INT_CONVERSION = YES;
				CLANG_WARN_NON_LITERAL_NULL_CONVERSION = YES;
				CLANG_WARN_OBJC_IMPLICIT_RETAIN_SELF = YES;
				CLANG_WARN_OBJC_LITERAL_CONVERSION = YES;
				CLANG_WARN_OBJC_ROOT_CLASS = YES_ERROR;
				CLANG_WARN_RANGE_LOOP_ANALYSIS = YES;
				CLANG_WARN_STRICT_PROTOTYPES = YES;
				CLANG_WARN_SUSPICIOUS_MOVE = YES;
				CLANG_WARN_UNGUARDED_AVAILABILITY = YES_AGGRESSIVE;
				CLANG_WARN_UNREACHABLE_CODE = YES;
				CLANG_WARN__DUPLICATE_METHOD_MATCH = YES;
				COPY_PHASE_STRIP = NO;
				DEBUG_INFORMATION_FORMAT = "dwarf-with-dsym";
				ENABLE_NS_ASSERTIONS = NO;
				ENABLE_STRICT_OBJC_MSGSEND = YES;
				GCC_C_LANGUAGE_STANDARD = gnu11;
				GCC_NO_COMMON_BLOCKS = YES;
				GCC_WARN_64_TO_32_BIT_CONVERSION = YES;
				GCC_WARN_ABOUT_RETURN_TYPE = YES_ERROR;
				GCC_WARN_UNDECLARED_SELECTOR = YES;
				GCC_WARN_UNINITIALIZED_AUTOS = YES_AGGRESSIVE;
				GCC_WARN_UNUSED_FUNCTION = YES;
				GCC_WARN_UNUSED_VARIABLE = YES;
				IPHONEOS_DEPLOYMENT_TARGET = 13.2;
				MTL_ENABLE_DEBUG_INFO = NO;
				MTL_FAST_MATH = YES;
				SDKROOT = iphoneos;
				SWIFT_COMPILATION_MODE = wholemodule;
				SWIFT_OPTIMIZATION_LEVEL = "-O";
				VALIDATE_PRODUCT = YES;
			};
			name = Release;
		};
		E0657D3D23FD03F4003B87B5 /* Debug */ = {
			isa = XCBuildConfiguration;
			buildSettings = {
				ASSETCATALOG_COMPILER_APPICON_NAME = AppIcon;
				CODE_SIGN_STYLE = Automatic;
				DEVELOPMENT_TEAM = G3AW82Z9RR;
				INFOPLIST_FILE = GitHubFollowers/Info.plist;
				LD_RUNPATH_SEARCH_PATHS = (
					"$(inherited)",
					"@executable_path/Frameworks",
				);
				PRODUCT_BUNDLE_IDENTIFIER = com.efrain.GitHubFollowers;
				PRODUCT_NAME = "$(TARGET_NAME)";
				SWIFT_VERSION = 5.0;
				TARGETED_DEVICE_FAMILY = 1;
			};
			name = Debug;
		};
		E0657D3E23FD03F4003B87B5 /* Release */ = {
			isa = XCBuildConfiguration;
			buildSettings = {
				ASSETCATALOG_COMPILER_APPICON_NAME = AppIcon;
				CODE_SIGN_STYLE = Automatic;
				DEVELOPMENT_TEAM = G3AW82Z9RR;
				INFOPLIST_FILE = GitHubFollowers/Info.plist;
				LD_RUNPATH_SEARCH_PATHS = (
					"$(inherited)",
					"@executable_path/Frameworks",
				);
				PRODUCT_BUNDLE_IDENTIFIER = com.efrain.GitHubFollowers;
				PRODUCT_NAME = "$(TARGET_NAME)";
				SWIFT_VERSION = 5.0;
				TARGETED_DEVICE_FAMILY = 1;
			};
			name = Release;
		};
/* End XCBuildConfiguration section */

/* Begin XCConfigurationList section */
		E0657D2323FD03ED003B87B5 /* Build configuration list for PBXProject "GitHubFollowers" */ = {
			isa = XCConfigurationList;
			buildConfigurations = (
				E0657D3A23FD03F4003B87B5 /* Debug */,
				E0657D3B23FD03F4003B87B5 /* Release */,
			);
			defaultConfigurationIsVisible = 0;
			defaultConfigurationName = Release;
		};
		E0657D3C23FD03F4003B87B5 /* Build configuration list for PBXNativeTarget "GitHubFollowers" */ = {
			isa = XCConfigurationList;
			buildConfigurations = (
				E0657D3D23FD03F4003B87B5 /* Debug */,
				E0657D3E23FD03F4003B87B5 /* Release */,
			);
			defaultConfigurationIsVisible = 0;
			defaultConfigurationName = Release;
		};
/* End XCConfigurationList section */
	};
	rootObject = E0657D2023FD03ED003B87B5 /* Project object */;
}
